name: Bump package indices

on:
  workflow_dispatch: # allows manual triggering
  schedule:
    - cron: '0 0 * * 0' # runs weekly on Sunday at 00:00

jobs:
  lockfile:
    runs-on: ubuntu-latest
    steps:
      - name: Checkout repository
        uses: actions/checkout@v4
      - name: Install Nix
        uses: DeterminateSystems/nix-installer-action@v16
        with:
          extra-conf: |
            accept-flake-config = true
      - name: Update flake.lock
        uses: DeterminateSystems/update-flake-lock@v23
        with:
          token: ${{ secrets.GH_TOKEN_FOR_UPDATES }}
          inputs: hackage-nix CHaP
          pr-labels: |
            dependencies
            automated
